
Microsoft Visual Studio Solution File, Format Version 12.00
# Visual Studio 15
VisualStudioVersion = 15.0.26730.16
MinimumVisualStudioVersion = 10.0.40219.1
Project("{FAE04EC0-301F-11D3-BF4B-00C04F79EFBC}") = "DragAndDrop", "DragAndDrop\DragAndDrop.csproj", "{579D2493-0FF9-46E9-B2B1-0CD62C50DC35}"
EndProject
Global
	GlobalSection(SolutionConfigurationPlatforms) = preSolution
		Debug|Any CPU = Debug|Any CPU
		Release|Any CPU = Release|Any CPU
	EndGlobalSection
	GlobalSection(ProjectConfigurationPlatforms) = postSolution
		{579D2493-0FF9-46E9-B2B1-0CD62C50DC35}.Debug|Any CPU.ActiveCfg = Debug|Any CPU
		{579D2493-0FF9-46E9-B2B1-0CD62C50DC35}.Debug|Any CPU.Build.0 = Debug|Any CPU
		{579D2493-0FF9-46E9-B2B1-0CD62C50DC35}.Release|Any CPU.ActiveCfg = Release|Any CPU
		{579D2493-0FF9-46E9-B2B1-0CD62C50DC35}.Release|Any CPU.Build.0 = Release|Any CPU
	EndGlobalSection
	GlobalSection(SolutionProperties) = preSolution
		HideSolutionNode = FALSE
	EndGlobalSection
	GlobalSection(ExtensibilityGlobals) = postSolution
		SolutionGuid = {E185E1A5-6680-42ED-84DE-69B1F5AA4795}
	EndGlobalSection
EndGlobal
